{
  "lockfileVersion": 1,
  "workspaces": {
    "": {
      "name": "simple-write-sync",
      "dependencies": {
        "@axonotes/axogen": "^0.5.7",
      },
      "devDependencies": {
        "@types/bun": "latest",
      },
      "peerDependencies": {
        "typescript": "^5",
      },
    },
  },
  "packages": {
    "@axonotes/axogen": ["@axonotes/axogen@0.5.7", "", { "dependencies": { "@dotenvx/dotenvx": "^1.48.3", "@iarna/toml": "^2.2.5", "@types/cson": "^7.20.3", "@types/hjson": "^2.4.6", "@types/ini": "^4.1.1", "@types/js-yaml": "^4.0.9", "@types/papaparse": "^5.3.16", "ansis": "^4.1.0", "chalk": "^5.4.1", "commander": "^14.0.0", "cson": "^8.4.0", "fast-xml-parser": "^5.2.5", "handlebars": "^4.7.8", "hjson": "^3.2.2", "ini": "^5.0.0", "jiti": "^2.4.2", "js-yaml": "^4.1.0", "json5": "^2.2.3", "jsonc-parser": "^3.3.1", "mustache": "^4.2.0", "nunjucks": "^3.2.4", "papaparse": "^5.5.3", "properties-file": "^3.5.13", "tsx": "^4.20.3", "zod": "^4.0.5" }, "peerDependencies": { "typescript": "^5" }, "bin": { "axogen": "bin/axogen.js" } }, "sha512-+zzESkEi9fYDYdSD34npufezgVS+aLuxl+AYtLg4w4Amyos2PDOuL8JFnSLY/NpVBX9zS5Kkwc+n2T5V0ahLOw=="],

    "@dotenvx/dotenvx": ["@dotenvx/dotenvx@1.48.4", "", { "dependencies": { "commander": "^11.1.0", "dotenv": "^17.2.1", "eciesjs": "^0.4.10", "execa": "^5.1.1", "fdir": "^6.2.0", "ignore": "^5.3.0", "object-treeify": "1.1.33", "picomatch": "^4.0.2", "which": "^4.0.0" }, "bin": { "dotenvx": "src/cli/dotenvx.js" } }, "sha512-GpJWpGVI5JGhNzFlWOjCD3KMiN3xU1US4oLKQ7SiiGru4LvR7sUf3pDMpfjtlgzHStL5ydq4ekfZcRxWpHaJkA=="],

    "@ecies/ciphers": ["@ecies/ciphers@0.2.4", "", { "peerDependencies": { "@noble/ciphers": "^1.0.0" } }, "sha512-t+iX+Wf5nRKyNzk8dviW3Ikb/280+aEJAnw9YXvCp2tYGPSkMki+NRY+8aNLmVFv3eNtMdvViPNOPxS8SZNP+w=="],

    "@esbuild/aix-ppc64": ["@esbuild/aix-ppc64@0.25.8", "", { "os": "aix", "cpu": "ppc64" }, "sha512-urAvrUedIqEiFR3FYSLTWQgLu5tb+m0qZw0NBEasUeo6wuqatkMDaRT+1uABiGXEu5vqgPd7FGE1BhsAIy9QVA=="],

    "@esbuild/android-arm": ["@esbuild/android-arm@0.25.8", "", { "os": "android", "cpu": "arm" }, "sha512-RONsAvGCz5oWyePVnLdZY/HHwA++nxYWIX1atInlaW6SEkwq6XkP3+cb825EUcRs5Vss/lGh/2YxAb5xqc07Uw=="],

    "@esbuild/android-arm64": ["@esbuild/android-arm64@0.25.8", "", { "os": "android", "cpu": "arm64" }, "sha512-OD3p7LYzWpLhZEyATcTSJ67qB5D+20vbtr6vHlHWSQYhKtzUYrETuWThmzFpZtFsBIxRvhO07+UgVA9m0i/O1w=="],

    "@esbuild/android-x64": ["@esbuild/android-x64@0.25.8", "", { "os": "android", "cpu": "x64" }, "sha512-yJAVPklM5+4+9dTeKwHOaA+LQkmrKFX96BM0A/2zQrbS6ENCmxc4OVoBs5dPkCCak2roAD+jKCdnmOqKszPkjA=="],

    "@esbuild/darwin-arm64": ["@esbuild/darwin-arm64@0.25.8", "", { "os": "darwin", "cpu": "arm64" }, "sha512-Jw0mxgIaYX6R8ODrdkLLPwBqHTtYHJSmzzd+QeytSugzQ0Vg4c5rDky5VgkoowbZQahCbsv1rT1KW72MPIkevw=="],

    "@esbuild/darwin-x64": ["@esbuild/darwin-x64@0.25.8", "", { "os": "darwin", "cpu": "x64" }, "sha512-Vh2gLxxHnuoQ+GjPNvDSDRpoBCUzY4Pu0kBqMBDlK4fuWbKgGtmDIeEC081xi26PPjn+1tct+Bh8FjyLlw1Zlg=="],

    "@esbuild/freebsd-arm64": ["@esbuild/freebsd-arm64@0.25.8", "", { "os": "freebsd", "cpu": "arm64" }, "sha512-YPJ7hDQ9DnNe5vxOm6jaie9QsTwcKedPvizTVlqWG9GBSq+BuyWEDazlGaDTC5NGU4QJd666V0yqCBL2oWKPfA=="],

    "@esbuild/freebsd-x64": ["@esbuild/freebsd-x64@0.25.8", "", { "os": "freebsd", "cpu": "x64" }, "sha512-MmaEXxQRdXNFsRN/KcIimLnSJrk2r5H8v+WVafRWz5xdSVmWLoITZQXcgehI2ZE6gioE6HirAEToM/RvFBeuhw=="],

    "@esbuild/linux-arm": ["@esbuild/linux-arm@0.25.8", "", { "os": "linux", "cpu": "arm" }, "sha512-FuzEP9BixzZohl1kLf76KEVOsxtIBFwCaLupVuk4eFVnOZfU+Wsn+x5Ryam7nILV2pkq2TqQM9EZPsOBuMC+kg=="],

    "@esbuild/linux-arm64": ["@esbuild/linux-arm64@0.25.8", "", { "os": "linux", "cpu": "arm64" }, "sha512-WIgg00ARWv/uYLU7lsuDK00d/hHSfES5BzdWAdAig1ioV5kaFNrtK8EqGcUBJhYqotlUByUKz5Qo6u8tt7iD/w=="],

    "@esbuild/linux-ia32": ["@esbuild/linux-ia32@0.25.8", "", { "os": "linux", "cpu": "ia32" }, "sha512-A1D9YzRX1i+1AJZuFFUMP1E9fMaYY+GnSQil9Tlw05utlE86EKTUA7RjwHDkEitmLYiFsRd9HwKBPEftNdBfjg=="],

    "@esbuild/linux-loong64": ["@esbuild/linux-loong64@0.25.8", "", { "os": "linux", "cpu": "none" }, "sha512-O7k1J/dwHkY1RMVvglFHl1HzutGEFFZ3kNiDMSOyUrB7WcoHGf96Sh+64nTRT26l3GMbCW01Ekh/ThKM5iI7hQ=="],

    "@esbuild/linux-mips64el": ["@esbuild/linux-mips64el@0.25.8", "", { "os": "linux", "cpu": "none" }, "sha512-uv+dqfRazte3BzfMp8PAQXmdGHQt2oC/y2ovwpTteqrMx2lwaksiFZ/bdkXJC19ttTvNXBuWH53zy/aTj1FgGw=="],

    "@esbuild/linux-ppc64": ["@esbuild/linux-ppc64@0.25.8", "", { "os": "linux", "cpu": "ppc64" }, "sha512-GyG0KcMi1GBavP5JgAkkstMGyMholMDybAf8wF5A70CALlDM2p/f7YFE7H92eDeH/VBtFJA5MT4nRPDGg4JuzQ=="],

    "@esbuild/linux-riscv64": ["@esbuild/linux-riscv64@0.25.8", "", { "os": "linux", "cpu": "none" }, "sha512-rAqDYFv3yzMrq7GIcen3XP7TUEG/4LK86LUPMIz6RT8A6pRIDn0sDcvjudVZBiiTcZCY9y2SgYX2lgK3AF+1eg=="],

    "@esbuild/linux-s390x": ["@esbuild/linux-s390x@0.25.8", "", { "os": "linux", "cpu": "s390x" }, "sha512-Xutvh6VjlbcHpsIIbwY8GVRbwoviWT19tFhgdA7DlenLGC/mbc3lBoVb7jxj9Z+eyGqvcnSyIltYUrkKzWqSvg=="],

    "@esbuild/linux-x64": ["@esbuild/linux-x64@0.25.8", "", { "os": "linux", "cpu": "x64" }, "sha512-ASFQhgY4ElXh3nDcOMTkQero4b1lgubskNlhIfJrsH5OKZXDpUAKBlNS0Kx81jwOBp+HCeZqmoJuihTv57/jvQ=="],

    "@esbuild/netbsd-arm64": ["@esbuild/netbsd-arm64@0.25.8", "", { "os": "none", "cpu": "arm64" }, "sha512-d1KfruIeohqAi6SA+gENMuObDbEjn22olAR7egqnkCD9DGBG0wsEARotkLgXDu6c4ncgWTZJtN5vcgxzWRMzcw=="],

    "@esbuild/netbsd-x64": ["@esbuild/netbsd-x64@0.25.8", "", { "os": "none", "cpu": "x64" }, "sha512-nVDCkrvx2ua+XQNyfrujIG38+YGyuy2Ru9kKVNyh5jAys6n+l44tTtToqHjino2My8VAY6Lw9H7RI73XFi66Cg=="],

    "@esbuild/openbsd-arm64": ["@esbuild/openbsd-arm64@0.25.8", "", { "os": "openbsd", "cpu": "arm64" }, "sha512-j8HgrDuSJFAujkivSMSfPQSAa5Fxbvk4rgNAS5i3K+r8s1X0p1uOO2Hl2xNsGFppOeHOLAVgYwDVlmxhq5h+SQ=="],

    "@esbuild/openbsd-x64": ["@esbuild/openbsd-x64@0.25.8", "", { "os": "openbsd", "cpu": "x64" }, "sha512-1h8MUAwa0VhNCDp6Af0HToI2TJFAn1uqT9Al6DJVzdIBAd21m/G0Yfc77KDM3uF3T/YaOgQq3qTJHPbTOInaIQ=="],

    "@esbuild/openharmony-arm64": ["@esbuild/openharmony-arm64@0.25.8", "", { "os": "none", "cpu": "arm64" }, "sha512-r2nVa5SIK9tSWd0kJd9HCffnDHKchTGikb//9c7HX+r+wHYCpQrSgxhlY6KWV1nFo1l4KFbsMlHk+L6fekLsUg=="],

    "@esbuild/sunos-x64": ["@esbuild/sunos-x64@0.25.8", "", { "os": "sunos", "cpu": "x64" }, "sha512-zUlaP2S12YhQ2UzUfcCuMDHQFJyKABkAjvO5YSndMiIkMimPmxA+BYSBikWgsRpvyxuRnow4nS5NPnf9fpv41w=="],

    "@esbuild/win32-arm64": ["@esbuild/win32-arm64@0.25.8", "", { "os": "win32", "cpu": "arm64" }, "sha512-YEGFFWESlPva8hGL+zvj2z/SaK+pH0SwOM0Nc/d+rVnW7GSTFlLBGzZkuSU9kFIGIo8q9X3ucpZhu8PDN5A2sQ=="],

    "@esbuild/win32-ia32": ["@esbuild/win32-ia32@0.25.8", "", { "os": "win32", "cpu": "ia32" }, "sha512-hiGgGC6KZ5LZz58OL/+qVVoZiuZlUYlYHNAmczOm7bs2oE1XriPFi5ZHHrS8ACpV5EjySrnoCKmcbQMN+ojnHg=="],

    "@esbuild/win32-x64": ["@esbuild/win32-x64@0.25.8", "", { "os": "win32", "cpu": "x64" }, "sha512-cn3Yr7+OaaZq1c+2pe+8yxC8E144SReCQjN6/2ynubzYjvyqZjTXfQJpAcQpsdJq3My7XADANiYGHoFC69pLQw=="],

    "@iarna/toml": ["@iarna/toml@2.2.5", "", {}, "sha512-trnsAYxU3xnS1gPHPyU961coFyLkh4gAD/0zQ5mymY4yOZ+CYvsPqUbOFSw0aDM4y0tV7tiFxL/1XfXPNC6IPg=="],

    "@noble/ciphers": ["@noble/ciphers@1.3.0", "", {}, "sha512-2I0gnIVPtfnMw9ee9h1dJG7tp81+8Ob3OJb3Mv37rx5L40/b0i7djjCVvGOVqc9AEIQyvyu1i6ypKdFw8R8gQw=="],

    "@noble/curves": ["@noble/curves@1.9.6", "", { "dependencies": { "@noble/hashes": "1.8.0" } }, "sha512-GIKz/j99FRthB8icyJQA51E8Uk5hXmdyThjgQXRKiv9h0zeRlzSCLIzFw6K1LotZ3XuB7yzlf76qk7uBmTdFqA=="],

    "@noble/hashes": ["@noble/hashes@1.8.0", "", {}, "sha512-jCs9ldd7NwzpgXDIf6P3+NrHh9/sD6CQdxHyjQI+h/6rDNo88ypBxxz45UDuZHz9r3tNz7N/VInSVoVdtXEI4A=="],

    "@types/bun": ["@types/bun@1.2.20", "", { "dependencies": { "bun-types": "1.2.20" } }, "sha512-dX3RGzQ8+KgmMw7CsW4xT5ITBSCrSbfHc36SNT31EOUg/LA9JWq0VDdEXDRSe1InVWpd2yLUM1FUF/kEOyTzYA=="],

    "@types/cson": ["@types/cson@7.20.3", "", {}, "sha512-xR7h1q6iz2xXiaFjVmR+tBzLK+wLJ0dXenkpRAiI29S2Xd9jdq18th8D7ADvxe1ot2e8SFpBJUOTB/LEtZMZRA=="],

    "@types/hjson": ["@types/hjson@2.4.6", "", {}, "sha512-tEQ4hlyKfsb9WWeueUY5eRnU2eK+KdE0eofSpQ05v9Aah4VvWwIRIid/ZN1zZZ0TfeVTRDgabKKqKZXEkfD3Sw=="],

    "@types/ini": ["@types/ini@4.1.1", "", {}, "sha512-MIyNUZipBTbyUNnhvuXJTY7B6qNI78meck9Jbv3wk0OgNwRyOOVEKDutAkOs1snB/tx0FafyR6/SN4Ps0hZPeg=="],

    "@types/js-yaml": ["@types/js-yaml@4.0.9", "", {}, "sha512-k4MGaQl5TGo/iipqb2UDG2UwjXziSWkh0uysQelTlJpX1qGlpUZYm8PnO4DxG1qBomtJUdYJ6qR6xdIah10JLg=="],

    "@types/node": ["@types/node@24.2.1", "", { "dependencies": { "undici-types": "~7.10.0" } }, "sha512-DRh5K+ka5eJic8CjH7td8QpYEV6Zo10gfRkjHCO3weqZHWDtAaSTFtl4+VMqOJ4N5jcuhZ9/l+yy8rVgw7BQeQ=="],

    "@types/papaparse": ["@types/papaparse@5.3.16", "", { "dependencies": { "@types/node": "*" } }, "sha512-T3VuKMC2H0lgsjI9buTB3uuKj3EMD2eap1MOuEQuBQ44EnDx/IkGhU6EwiTf9zG3za4SKlmwKAImdDKdNnCsXg=="],

    "@types/react": ["@types/react@19.1.9", "", { "dependencies": { "csstype": "^3.0.2" } }, "sha512-WmdoynAX8Stew/36uTSVMcLJJ1KRh6L3IZRx1PZ7qJtBqT3dYTgyDTx8H1qoRghErydW7xw9mSJ3wS//tCRpFA=="],

    "a-sync-waterfall": ["a-sync-waterfall@1.0.1", "", {}, "sha512-RYTOHHdWipFUliRFMCS4X2Yn2X8M87V/OpSqWzKKOGhzqyUxzyVmhHDH9sAvG+ZuQf/TAOFsLCpMw09I1ufUnA=="],

    "ansis": ["ansis@4.1.0", "", {}, "sha512-BGcItUBWSMRgOCe+SVZJ+S7yTRG0eGt9cXAHev72yuGcY23hnLA7Bky5L/xLyPINoSN95geovfBkqoTlNZYa7w=="],

    "argparse": ["argparse@2.0.1", "", {}, "sha512-8+9WqebbFzpX9OR+Wa6O29asIogeRMzcGtAINdpMHHyAg10f05aSFVBbcEqGf/PXw1EjAZ+q2/bEBg3DvurK3Q=="],

    "asap": ["asap@2.0.6", "", {}, "sha512-BSHWgDSAiKs50o2Re8ppvp3seVHXSRM44cdSsT9FfNEUUZLOGWVCsiWaRPWM1Znn+mqZ1OfVZ3z3DWEzSp7hRA=="],

    "bun-types": ["bun-types@1.2.20", "", { "dependencies": { "@types/node": "*" }, "peerDependencies": { "@types/react": "^19" } }, "sha512-pxTnQYOrKvdOwyiyd/7sMt9yFOenN004Y6O4lCcCUoKVej48FS5cvTw9geRaEcB9TsDZaJKAxPTVvi8tFsVuXA=="],

    "chalk": ["chalk@5.5.0", "", {}, "sha512-1tm8DTaJhPBG3bIkVeZt1iZM9GfSX2lzOeDVZH9R9ffRHpmHvxZ/QhgQH/aDTkswQVt+YHdXAdS/In/30OjCbg=="],

    "coffeescript": ["coffeescript@1.12.7", "", { "bin": { "coffee": "./bin/coffee", "cake": "./bin/cake" } }, "sha512-pLXHFxQMPklVoEekowk8b3erNynC+DVJzChxS/LCBBgR6/8AJkHivkm//zbowcfc7BTCAjryuhx6gPqPRfsFoA=="],

    "commander": ["commander@14.0.0", "", {}, "sha512-2uM9rYjPvyq39NwLRqaiLtWHyDC1FvryJDa2ATTVims5YAS4PupsEQsDvP14FqhFr0P49CYDugi59xaxJlTXRA=="],

    "cross-spawn": ["cross-spawn@7.0.6", "", { "dependencies": { "path-key": "^3.1.0", "shebang-command": "^2.0.0", "which": "^2.0.1" } }, "sha512-uV2QOWP2nWzsy2aMp8aRibhi9dlzF5Hgh5SHaB9OiTGEyDTiJJyx0uy51QXdyWbtAHNua4XJzUKca3OzKUd3vA=="],

    "cson": ["cson@8.4.0", "", { "dependencies": { "cson-parser": "^4.0.9", "extract-opts": "^5.8.0", "requirefresh": "^5.13.0", "safefs": "^8.9.0" }, "bin": { "cson": "bin.cjs", "cson2json": "bin.cjs", "json2cson": "bin.cjs" } }, "sha512-QwXDbiJodA3DFEKA888zTED28EZo2JC7EK2K3qVsUVbE0oKQVRZ4K+Ch/I8QaTYPZ9Q0GXG1BFK5dtcxd6C3mg=="],

    "cson-parser": ["cson-parser@4.0.9", "", { "dependencies": { "coffeescript": "1.12.7" } }, "sha512-I79SAcCYquWnEfXYj8hBqOOWKj6eH6zX1hhX3yqmS4K3bYp7jME3UFpHPzu3rUew0oyfc0s8T6IlWGXRAheHag=="],

    "csstype": ["csstype@3.1.3", "", {}, "sha512-M1uQkMl8rQK/szD0LNhtqxIPLpimGm8sOBwU7lLnCpSbTyY3yeU1Vc7l4KT5zT4s/yOxHH5O7tIuuLOCnLADRw=="],

    "dotenv": ["dotenv@17.2.1", "", {}, "sha512-kQhDYKZecqnM0fCnzI5eIv5L4cAe/iRI+HqMbO/hbRdTAeXDG+M9FjipUxNfbARuEg4iHIbhnhs78BCHNbSxEQ=="],

    "eachr": ["eachr@7.4.0", "", { "dependencies": { "editions": "^6.21.0", "typechecker": "^9.3.0" } }, "sha512-d6v/ERRrwxZ5oNHJz2Z5Oouge0Xc3rFxeaGNHjAhTDUCkLhy8t583ieH9/Qop1UNDTcZXOSEs8dqawmbHaEEkA=="],

    "eciesjs": ["eciesjs@0.4.15", "", { "dependencies": { "@ecies/ciphers": "^0.2.3", "@noble/ciphers": "^1.3.0", "@noble/curves": "^1.9.1", "@noble/hashes": "^1.8.0" } }, "sha512-r6kEJXDKecVOCj2nLMuXK/FCPeurW33+3JRpfXVbjLja3XUYFfD9I/JBreH6sUyzcm3G/YQboBjMla6poKeSdA=="],

    "editions": ["editions@6.21.0", "", { "dependencies": { "version-range": "^4.13.0" } }, "sha512-ofkXJtn7z0urokN62DI3SBo/5xAtF0rR7tn+S/bSYV79Ka8pTajIIl+fFQ1q88DQEImymmo97M4azY3WX/nUdg=="],

    "esbuild": ["esbuild@0.25.8", "", { "optionalDependencies": { "@esbuild/aix-ppc64": "0.25.8", "@esbuild/android-arm": "0.25.8", "@esbuild/android-arm64": "0.25.8", "@esbuild/android-x64": "0.25.8", "@esbuild/darwin-arm64": "0.25.8", "@esbuild/darwin-x64": "0.25.8", "@esbuild/freebsd-arm64": "0.25.8", "@esbuild/freebsd-x64": "0.25.8", "@esbuild/linux-arm": "0.25.8", "@esbuild/linux-arm64": "0.25.8", "@esbuild/linux-ia32": "0.25.8", "@esbuild/linux-loong64": "0.25.8", "@esbuild/linux-mips64el": "0.25.8", "@esbuild/linux-ppc64": "0.25.8", "@esbuild/linux-riscv64": "0.25.8", "@esbuild/linux-s390x": "0.25.8", "@esbuild/linux-x64": "0.25.8", "@esbuild/netbsd-arm64": "0.25.8", "@esbuild/netbsd-x64": "0.25.8", "@esbuild/openbsd-arm64": "0.25.8", "@esbuild/openbsd-x64": "0.25.8", "@esbuild/openharmony-arm64": "0.25.8", "@esbuild/sunos-x64": "0.25.8", "@esbuild/win32-arm64": "0.25.8", "@esbuild/win32-ia32": "0.25.8", "@esbuild/win32-x64": "0.25.8" }, "bin": { "esbuild": "bin/esbuild" } }, "sha512-vVC0USHGtMi8+R4Kz8rt6JhEWLxsv9Rnu/lGYbPR8u47B+DCBksq9JarW0zOO7bs37hyOK1l2/oqtbciutL5+Q=="],

    "execa": ["execa@5.1.1", "", { "dependencies": { "cross-spawn": "^7.0.3", "get-stream": "^6.0.0", "human-signals": "^2.1.0", "is-stream": "^2.0.0", "merge-stream": "^2.0.0", "npm-run-path": "^4.0.1", "onetime": "^5.1.2", "signal-exit": "^3.0.3", "strip-final-newline": "^2.0.0" } }, "sha512-8uSpZZocAZRBAPIEINJj3Lo9HyGitllczc27Eh5YYojjMFMn8yHMDMaUHE2Jqfq05D/wucwI4JGURyXt1vchyg=="],

    "extract-opts": ["extract-opts@5.9.0", "", { "dependencies": { "eachr": "^7.4.0", "editions": "^6.21.0", "typechecker": "^9.3.0" } }, "sha512-UN5d1xtD3cQQNmE2OVsP5ij1dCDgpK5bmOxyMEXc8KaZ/YLCV0ge/RxBGG3fy7KVnxsjekwutzmzRVInQtaB4Q=="],

    "fast-xml-parser": ["fast-xml-parser@5.2.5", "", { "dependencies": { "strnum": "^2.1.0" }, "bin": { "fxparser": "src/cli/cli.js" } }, "sha512-pfX9uG9Ki0yekDHx2SiuRIyFdyAr1kMIMitPvb0YBo8SUfKvia7w7FIyd/l6av85pFYRhZscS75MwMnbvY+hcQ=="],

    "fdir": ["fdir@6.4.6", "", { "peerDependencies": { "picomatch": "^3 || ^4" }, "optionalPeers": ["picomatch"] }, "sha512-hiFoqpyZcfNm1yc4u8oWCf9A2c4D3QjCrks3zmoVKVxpQRzmPNar1hUJcBG2RQHvEVGDN+Jm81ZheVLAQMK6+w=="],

    "fsevents": ["fsevents@2.3.3", "", { "os": "darwin" }, "sha512-5xoDfX+fL7faATnagmWPpbFtwh/R77WmMMqqHGS65C3vvB0YHrgF+B1YmZ3441tMj5n63k0212XNoJwzlhffQw=="],

    "get-stream": ["get-stream@6.0.1", "", {}, "sha512-ts6Wi+2j3jQjqi70w5AlN8DFnkSwC+MqmxEzdEALB2qXZYV3X/b1CTfgPLGJNMeAWxdPfU8FO1ms3NUfaHCPYg=="],

    "get-tsconfig": ["get-tsconfig@4.10.1", "", { "dependencies": { "resolve-pkg-maps": "^1.0.0" } }, "sha512-auHyJ4AgMz7vgS8Hp3N6HXSmlMdUyhSUrfBF16w153rxtLIEOE+HGqaBppczZvnHLqQJfiHotCYpNhl0lUROFQ=="],

    "graceful-fs": ["graceful-fs@4.2.11", "", {}, "sha512-RbJ5/jmFcNNCcDV5o9eTnBLJ/HszWV0P73bc+Ff4nS/rJj+YaS6IGyiOL0VoBYX+l1Wrl3k63h/KrH+nhJ0XvQ=="],

    "handlebars": ["handlebars@4.7.8", "", { "dependencies": { "minimist": "^1.2.5", "neo-async": "^2.6.2", "source-map": "^0.6.1", "wordwrap": "^1.0.0" }, "optionalDependencies": { "uglify-js": "^3.1.4" }, "bin": { "handlebars": "bin/handlebars" } }, "sha512-vafaFqs8MZkRrSX7sFVUdo3ap/eNiLnb4IakshzvP56X5Nr1iGKAIqdX6tMlm6HcNRIkr6AxO5jFEoJzzpT8aQ=="],

    "hjson": ["hjson@3.2.2", "", { "bin": { "hjson": "bin/hjson" } }, "sha512-MkUeB0cTIlppeSsndgESkfFD21T2nXPRaBStLtf3cAYA2bVEFdXlodZB0TukwZiobPD1Ksax5DK4RTZeaXCI3Q=="],

    "human-signals": ["human-signals@2.1.0", "", {}, "sha512-B4FFZ6q/T2jhhksgkbEW3HBvWIfDW85snkQgawt07S7J5QXTk6BkNV+0yAeZrM5QpMAdYlocGoljn0sJ/WQkFw=="],

    "ignore": ["ignore@5.3.2", "", {}, "sha512-hsBTNUqQTDwkWtcdYI2i06Y/nUBEsNEDJKjWdigLvegy8kDuJAS8uRlpkkcQpyEXL0Z/pjDy5HBmMjRCJ2gq+g=="],

    "ini": ["ini@5.0.0", "", {}, "sha512-+N0ngpO3e7cRUWOJAS7qw0IZIVc6XPrW4MlFBdD066F2L4k1L6ker3hLqSq7iXxU5tgS4WGkIUElWn5vogAEnw=="],

    "is-stream": ["is-stream@2.0.1", "", {}, "sha512-hFoiJiTl63nn+kstHGBtewWSKnQLpyb155KHheA1l39uvtO9nWIop1p3udqPcUd/xbF1VLMO4n7OI6p7RbngDg=="],

    "isexe": ["isexe@3.1.1", "", {}, "sha512-LpB/54B+/2J5hqQ7imZHfdU31OlgQqx7ZicVlkm9kzg9/w8GKLEcFfJl/t7DCEDueOyBAD6zCCwTO6Fzs0NoEQ=="],

    "jiti": ["jiti@2.5.1", "", { "bin": { "jiti": "lib/jiti-cli.mjs" } }, "sha512-twQoecYPiVA5K/h6SxtORw/Bs3ar+mLUtoPSc7iMXzQzK8d7eJ/R09wmTwAjiamETn1cXYPGfNnu7DMoHgu12w=="],

    "js-yaml": ["js-yaml@4.1.0", "", { "dependencies": { "argparse": "^2.0.1" }, "bin": { "js-yaml": "bin/js-yaml.js" } }, "sha512-wpxZs9NoxZaJESJGIZTyDEaYpl0FKSA+FB9aJiyemKhMwkxQg63h4T1KJgUGHpTqPDNRcmmYLugrRjJlBtWvRA=="],

    "json5": ["json5@2.2.3", "", { "bin": { "json5": "lib/cli.js" } }, "sha512-XmOWe7eyHYH14cLdVPoyg+GOH3rYX++KpzrylJwSW98t3Nk+U8XOl8FWKOgwtzdb8lXGf6zYwDUzeHMWfxasyg=="],

    "jsonc-parser": ["jsonc-parser@3.3.1", "", {}, "sha512-HUgH65KyejrUFPvHFPbqOY0rsFip3Bo5wb4ngvdi1EpCYWUQDC5V+Y7mZws+DLkr4M//zQJoanu1SP+87Dv1oQ=="],

    "merge-stream": ["merge-stream@2.0.0", "", {}, "sha512-abv/qOcuPfk3URPfDzmZU1LKmuw8kT+0nIHvKrKgFrwifol/doWcdA4ZqsWQ8ENrFKkd67Mfpo/LovbIUsbt3w=="],

    "mimic-fn": ["mimic-fn@2.1.0", "", {}, "sha512-OqbOk5oEQeAZ8WXWydlu9HJjz9WVdEIvamMCcXmuqUYjTknH/sqsWvhQ3vgwKFRR1HpjvNBKQ37nbJgYzGqGcg=="],

    "minimist": ["minimist@1.2.8", "", {}, "sha512-2yyAR8qBkN3YuheJanUpWC5U3bb5osDywNB8RzDVlDwDHbocAJveqqj1u8+SVD7jkWT4yvsHCpWqqWqAxb0zCA=="],

    "mustache": ["mustache@4.2.0", "", { "bin": { "mustache": "bin/mustache" } }, "sha512-71ippSywq5Yb7/tVYyGbkBggbU8H3u5Rz56fH60jGFgr8uHwxs+aSKeqmluIVzM0m0kB7xQjKS6qPfd0b2ZoqQ=="],

    "neo-async": ["neo-async@2.6.2", "", {}, "sha512-Yd3UES5mWCSqR+qNT93S3UoYUkqAZ9lLg8a7g9rimsWmYGK8cVToA4/sF3RrshdyV3sAGMXVUmpMYOw+dLpOuw=="],

    "npm-run-path": ["npm-run-path@4.0.1", "", { "dependencies": { "path-key": "^3.0.0" } }, "sha512-S48WzZW777zhNIrn7gxOlISNAqi9ZC/uQFnRdbeIHhZhCA6UqpkOT8T1G7BvfdgP4Er8gF4sUbaS0i7QvIfCWw=="],

    "nunjucks": ["nunjucks@3.2.4", "", { "dependencies": { "a-sync-waterfall": "^1.0.0", "asap": "^2.0.3", "commander": "^5.1.0" }, "peerDependencies": { "chokidar": "^3.3.0" }, "optionalPeers": ["chokidar"], "bin": { "nunjucks-precompile": "bin/precompile" } }, "sha512-26XRV6BhkgK0VOxfbU5cQI+ICFUtMLixv1noZn1tGU38kQH5A5nmmbk/O45xdyBhD1esk47nKrY0mvQpZIhRjQ=="],

    "object-treeify": ["object-treeify@1.1.33", "", {}, "sha512-EFVjAYfzWqWsBMRHPMAXLCDIJnpMhdWAqR7xG6M6a2cs6PMFpl/+Z20w9zDW4vkxOFfddegBKq9Rehd0bxWE7A=="],

    "onetime": ["onetime@5.1.2", "", { "dependencies": { "mimic-fn": "^2.1.0" } }, "sha512-kbpaSSGJTWdAY5KPVeMOKXSrPtr8C8C7wodJbcsd51jRnmD+GZu8Y0VoU6Dm5Z4vWr0Ig/1NKuWRKf7j5aaYSg=="],

    "papaparse": ["papaparse@5.5.3", "", {}, "sha512-5QvjGxYVjxO59MGU2lHVYpRWBBtKHnlIAcSe1uNFCkkptUh63NFRj0FJQm7nR67puEruUci/ZkjmEFrjCAyP4A=="],

    "path-key": ["path-key@3.1.1", "", {}, "sha512-ojmeN0qd+y0jszEtoY48r0Peq5dwMEkIlCOu6Q5f41lfkswXuKtYrhgoTpLnyIcHm24Uhqx+5Tqm2InSwLhE6Q=="],

    "picomatch": ["picomatch@4.0.3", "", {}, "sha512-5gTmgEY/sqK6gFXLIsQNH19lWb4ebPDLA4SdLP7dsWkIXHWlG66oPuVvXSGFPppYZz8ZDZq0dYYrbHfBCVUb1Q=="],

    "properties-file": ["properties-file@3.5.13", "", {}, "sha512-Zm0MkGfj4Mefz4J2GO1U5ux8iNd5/w/Pk7KnurarzN9dJBhHtL1/SVTm8PGdEKDFagD9qWeDlEkRMKpYhpGwfQ=="],

    "requirefresh": ["requirefresh@5.13.0", "", {}, "sha512-v3BuU/AAKjDqgIig1xyekcBHtujCAghuFTOQ7YNAngEKtTksSS1vT9Abt1ilbmQFAD4ChHHGJ3JSNbqvEOIxkQ=="],

    "resolve-pkg-maps": ["resolve-pkg-maps@1.0.0", "", {}, "sha512-seS2Tj26TBVOC2NIc2rOe2y2ZO7efxITtLZcGSOnHHNOQ7CkiUBfw0Iw2ck6xkIhPwLhKNLS8BO+hEpngQlqzw=="],

    "safefs": ["safefs@8.10.0", "", { "dependencies": { "graceful-fs": "^4.2.11", "version-compare": "^3.10.0" } }, "sha512-ZHnuws4iLc5vB6kxU/MpGEZO7Fz80zIEOJw6VgRAroa/PeJB/jcc2KEXxWA0Izpx+W728j398DxQRx1RU+KXIg=="],

    "shebang-command": ["shebang-command@2.0.0", "", { "dependencies": { "shebang-regex": "^3.0.0" } }, "sha512-kHxr2zZpYtdmrN1qDjrrX/Z1rR1kG8Dx+gkpK1G4eXmvXswmcE1hTWBWYUzlraYw1/yZp6YuDY77YtvbN0dmDA=="],

    "shebang-regex": ["shebang-regex@3.0.0", "", {}, "sha512-7++dFhtcx3353uBaq8DDR4NuxBetBzC7ZQOhmTQInHEd6bSrXdiEyzCvG07Z44UYdLShWUyXt5M/yhz8ekcb1A=="],

    "signal-exit": ["signal-exit@3.0.7", "", {}, "sha512-wnD2ZE+l+SPC/uoS0vXeE9L1+0wuaMqKlfz9AMUo38JsyLSBWSFcHR1Rri62LZc12vLr1gb3jl7iwQhgwpAbGQ=="],

    "source-map": ["source-map@0.6.1", "", {}, "sha512-UjgapumWlbMhkBgzT7Ykc5YXUT46F0iKu8SGXq0bcwP5dz/h0Plj6enJqjz1Zbq2l5WaqYnrVbwWOWMyF3F47g=="],

    "strip-final-newline": ["strip-final-newline@2.0.0", "", {}, "sha512-BrpvfNAE3dcvq7ll3xVumzjKjZQ5tI1sEUIKr3Uoks0XUl45St3FlatVqef9prk4jRDzhW6WZg+3bk93y6pLjA=="],

    "strnum": ["strnum@2.1.1", "", {}, "sha512-7ZvoFTiCnGxBtDqJ//Cu6fWtZtc7Y3x+QOirG15wztbdngGSkht27o2pyGWrVy0b4WAy3jbKmnoK6g5VlVNUUw=="],

    "tsx": ["tsx@4.20.3", "", { "dependencies": { "esbuild": "~0.25.0", "get-tsconfig": "^4.7.5" }, "optionalDependencies": { "fsevents": "~2.3.3" }, "bin": { "tsx": "dist/cli.mjs" } }, "sha512-qjbnuR9Tr+FJOMBqJCW5ehvIo/buZq7vH7qD7JziU98h6l3qGy0a/yPFjwO+y0/T7GFpNgNAvEcPPVfyT8rrPQ=="],

    "typechecker": ["typechecker@9.3.0", "", { "dependencies": { "editions": "^6.20.0" } }, "sha512-7NKr0EkLaL5fkYE56DPwqgQx1FjepvDRZ64trUgb1NgeFqLkaZThI2L33vFJzN4plVyAN5zWcov57QcZIU3bjg=="],

    "typescript": ["typescript@5.9.2", "", { "bin": { "tsc": "bin/tsc", "tsserver": "bin/tsserver" } }, "sha512-CWBzXQrc/qOkhidw1OzBTQuYRbfyxDXJMVJ1XNwUHGROVmuaeiEm3OslpZ1RV96d7SKKjZKrSJu3+t/xlw3R9A=="],

    "uglify-js": ["uglify-js@3.19.3", "", { "bin": { "uglifyjs": "bin/uglifyjs" } }, "sha512-v3Xu+yuwBXisp6QYTcH4UbH+xYJXqnq2m/LtQVWKWzYc1iehYnLixoQDN9FH6/j9/oybfd6W9Ghwkl8+UMKTKQ=="],

    "undici-types": ["undici-types@7.10.0", "", {}, "sha512-t5Fy/nfn+14LuOc2KNYg75vZqClpAiqscVvMygNnlsHBFpSXdJaYtXMcdNLpl/Qvc3P2cB3s6lOV51nqsFq4ag=="],

    "version-compare": ["version-compare@3.12.0", "", { "dependencies": { "editions": "^6.21.0" } }, "sha512-okm2QaHSGDCOH58HGbfv7aWDVDvJouaZmzJF126CkWsZ7x5fQA/3pSACHM9gXPKfOvV3oOnb5gYyt8feSJqGrw=="],

    "version-range": ["version-range@4.15.0", "", {}, "sha512-Ck0EJbAGxHwprkzFO966t4/5QkRuzh+/I1RxhLgUKKwEn+Cd8NwM60mE3AqBZg5gYODoXW0EFsQvbZjRlvdqbg=="],

    "which": ["which@4.0.0", "", { "dependencies": { "isexe": "^3.1.1" }, "bin": { "node-which": "bin/which.js" } }, "sha512-GlaYyEb07DPxYCKhKzplCWBJtvxZcZMrL+4UkrTSJHHPyZU4mYYTv3qaOe77H7EODLSSopAUFAc6W8U4yqvscg=="],

    "wordwrap": ["wordwrap@1.0.0", "", {}, "sha512-gvVzJFlPycKc5dZN4yPkP8w7Dc37BtP1yczEneOb4uq34pXZcvrtRTmWV8W+Ume+XCxKgbjM+nevkyFPMybd4Q=="],

    "zod": ["zod@4.0.17", "", {}, "sha512-1PHjlYRevNxxdy2JZ8JcNAw7rX8V9P1AKkP+x/xZfxB0K5FYfuV+Ug6P/6NVSR2jHQ+FzDDoDHS04nYUsOIyLQ=="],

    "@dotenvx/dotenvx/commander": ["commander@11.1.0", "", {}, "sha512-yPVavfyCcRhmorC7rWlkHn15b4wDVgVmBA7kV4QVBsF7kv/9TKJAbAXVTxvTnwP8HHKjRCJDClKbciiYS7p0DQ=="],

    "cross-spawn/which": ["which@2.0.2", "", { "dependencies": { "isexe": "^2.0.0" }, "bin": { "node-which": "./bin/node-which" } }, "sha512-BLI3Tl1TW3Pvl70l3yq3Y64i+awpwXqsGBYWkkqMtnbXgrMD+yj7rhW0kuEDxzJaYXGjEW5ogapKNMEKNMjibA=="],

    "nunjucks/commander": ["commander@5.1.0", "", {}, "sha512-P0CysNDQ7rtVw4QIQtm+MRxV66vKFSvlsQvGYXZWR3qFU0jlMKHZZZgw8e+8DSah4UDKMqnknRDQz+xuQXQ/Zg=="],

    "cross-spawn/which/isexe": ["isexe@2.0.0", "", {}, "sha512-RHxMLp9lnKHGHRng9QFhRCMbYAcVpn69smSGcq3f36xjgVVWThj4qqLbTLlq7Ssj8B+fIQ1EuCEGI2lKsyQeIw=="],
  }
}
